
Microsoft Visual Studio Solution File, Format Version 12.00
# Visual Studio Version 17
VisualStudioVersion = 17.14.36414.22 d17.14
MinimumVisualStudioVersion = 10.0.40219.1
Project("{FAE04EC0-301F-11D3-BF4B-00C04F79EFBC}") = "MVC_Core_CRUD_OnProductTask1", "MVC_Core_CRUD_OnProductTask1\MVC_Core_CRUD_OnProductTask1.csproj", "{B5ADD8C4-6ECD-4664-9856-31D6E5E8A9DA}"
EndProject
Global
	GlobalSection(SolutionConfigurationPlatforms) = preSolution
		Debug|Any CPU = Debug|Any CPU
		Release|Any CPU = Release|Any CPU
	EndGlobalSection
	GlobalSection(ProjectConfigurationPlatforms) = postSolution
		{B5ADD8C4-6ECD-4664-9856-31D6E5E8A9DA}.Debug|Any CPU.ActiveCfg = Debug|Any CPU
		{B5ADD8C4-6ECD-4664-9856-31D6E5E8A9DA}.Debug|Any CPU.Build.0 = Debug|Any CPU
		{B5ADD8C4-6ECD-4664-9856-31D6E5E8A9DA}.Release|Any CPU.ActiveCfg = Release|Any CPU
		{B5ADD8C4-6ECD-4664-9856-31D6E5E8A9DA}.Release|Any CPU.Build.0 = Release|Any CPU
	EndGlobalSection
	GlobalSection(SolutionProperties) = preSolution
		HideSolutionNode = FALSE
	EndGlobalSection
	GlobalSection(ExtensibilityGlobals) = postSolution
		SolutionGuid = {9B3C61CA-0069-44D7-8289-F00B388B164E}
	EndGlobalSection
EndGlobal
